
Microsoft Visual Studio Solution File, Format Version 12.00
# Visual Studio Version 17
VisualStudioVersion = 17.13.35919.96 d17.13
MinimumVisualStudioVersion = 10.0.40219.1
Project("{FAE04EC0-301F-11D3-BF4B-00C04F79EFBC}") = "proyecto_parcial", "proyecto_parcial.csproj", "{0597FBD8-A60F-6178-79DB-8EAD2EE87EDB}"
EndProject
Global
	GlobalSection(SolutionConfigurationPlatforms) = preSolution
		Debug|Any CPU = Debug|Any CPU
		Release|Any CPU = Release|Any CPU
	EndGlobalSection
	GlobalSection(ProjectConfigurationPlatforms) = postSolution
		{0597FBD8-A60F-6178-79DB-8EAD2EE87EDB}.Debug|Any CPU.ActiveCfg = Debug|Any CPU
		{0597FBD8-A60F-6178-79DB-8EAD2EE87EDB}.Debug|Any CPU.Build.0 = Debug|Any CPU
		{0597FBD8-A60F-6178-79DB-8EAD2EE87EDB}.Release|Any CPU.ActiveCfg = Release|Any CPU
		{0597FBD8-A60F-6178-79DB-8EAD2EE87EDB}.Release|Any CPU.Build.0 = Release|Any CPU
	EndGlobalSection
	GlobalSection(SolutionProperties) = preSolution
		HideSolutionNode = FALSE
	EndGlobalSection
	GlobalSection(ExtensibilityGlobals) = postSolution
		SolutionGuid = {8CD07BB6-BBAC-4F93-9C6D-D3218D514C48}
	EndGlobalSection
EndGlobal
